// !$*UTF8*$!
{
	archiveVersion = 1;
	classes = {
	};
	objectVersion = 55;
	objects = {

/* Begin PBXBuildFile section */
		1B5AD4DD284768C300F53B2B /* AuthorisationViewModel.swift in Sources */ = {isa = PBXBuildFile; fileRef = 1B5AD4DC284768C300F53B2B /* AuthorisationViewModel.swift */; };
		1B5AD4E828476F5D00F53B2B /* AlbumModel.swift in Sources */ = {isa = PBXBuildFile; fileRef = 1B5AD4E728476F5D00F53B2B /* AlbumModel.swift */; };
		1B8C135E2847CB2200939BE3 /* ViewControllerExtension.swift in Sources */ = {isa = PBXBuildFile; fileRef = 1B8C135D2847CB2200939BE3 /* ViewControllerExtension.swift */; };
		1BB5B7D82848187600D0B5E9 /* StringExtension.swift in Sources */ = {isa = PBXBuildFile; fileRef = 1BB5B7D72848187600D0B5E9 /* StringExtension.swift */; };
		1BB5B7DA2848B96700D0B5E9 /* RegistrationViewModel.swift in Sources */ = {isa = PBXBuildFile; fileRef = 1BB5B7D92848B96700D0B5E9 /* RegistrationViewModel.swift */; };
		1BB5B7DC2848BDCC00D0B5E9 /* Messages.swift in Sources */ = {isa = PBXBuildFile; fileRef = 1BB5B7DB2848BDCC00D0B5E9 /* Messages.swift */; };
		1BB5B7DE2848F8F000D0B5E9 /* UserModel.swift in Sources */ = {isa = PBXBuildFile; fileRef = 1BB5B7DD2848F8F000D0B5E9 /* UserModel.swift */; };
		1BB5B7E02848F9DF00D0B5E9 /* UserInformationViewModel.swift in Sources */ = {isa = PBXBuildFile; fileRef = 1BB5B7DF2848F9DF00D0B5E9 /* UserInformationViewModel.swift */; };
		1BC039612844D1D6009F86F5 /* AppDelegate.swift in Sources */ = {isa = PBXBuildFile; fileRef = 1BC039602844D1D6009F86F5 /* AppDelegate.swift */; };
		1BC039632844D1D6009F86F5 /* SceneDelegate.swift in Sources */ = {isa = PBXBuildFile; fileRef = 1BC039622844D1D6009F86F5 /* SceneDelegate.swift */; };
		1BC039652844D1D6009F86F5 /* AuthorisationViewController.swift in Sources */ = {isa = PBXBuildFile; fileRef = 1BC039642844D1D6009F86F5 /* AuthorisationViewController.swift */; };
		1BC039682844D1D6009F86F5 /* Main.storyboard in Resources */ = {isa = PBXBuildFile; fileRef = 1BC039662844D1D6009F86F5 /* Main.storyboard */; };
		1BC0396A2844D1D7009F86F5 /* Assets.xcassets in Resources */ = {isa = PBXBuildFile; fileRef = 1BC039692844D1D7009F86F5 /* Assets.xcassets */; };
		1BC0396D2844D1D7009F86F5 /* LaunchScreen.storyboard in Resources */ = {isa = PBXBuildFile; fileRef = 1BC0396B2844D1D7009F86F5 /* LaunchScreen.storyboard */; };
		1BC039752844F3F4009F86F5 /* NetworkManager.swift in Sources */ = {isa = PBXBuildFile; fileRef = 1BC039742844F3F4009F86F5 /* NetworkManager.swift */; };
		1BC039772844F400009F86F5 /* StorageManger.swift in Sources */ = {isa = PBXBuildFile; fileRef = 1BC039762844F400009F86F5 /* StorageManger.swift */; };
		1BC039792845130F009F86F5 /* AlbumsTableViewController.swift in Sources */ = {isa = PBXBuildFile; fileRef = 1BC039782845130F009F86F5 /* AlbumsTableViewController.swift */; };
		1BC0397B28451430009F86F5 /* RegistrationViewController.swift in Sources */ = {isa = PBXBuildFile; fileRef = 1BC0397A28451430009F86F5 /* RegistrationViewController.swift */; };
		1BC0397D28451447009F86F5 /* AlbumInformationViewController.swift in Sources */ = {isa = PBXBuildFile; fileRef = 1BC0397C28451447009F86F5 /* AlbumInformationViewController.swift */; };
		1BC0398528464156009F86F5 /* UserInfoViewController.swift in Sources */ = {isa = PBXBuildFile; fileRef = 1BC0398428464156009F86F5 /* UserInfoViewController.swift */; };
		1BFCE5F328494739002FBD77 /* AlbumsTableViewModel.swift in Sources */ = {isa = PBXBuildFile; fileRef = 1BFCE5F228494739002FBD77 /* AlbumsTableViewModel.swift */; };
		1BFCE5F528494778002FBD77 /* AlbumInformationViewModel.swift in Sources */ = {isa = PBXBuildFile; fileRef = 1BFCE5F428494778002FBD77 /* AlbumInformationViewModel.swift */; };
		1BFCE5F728497D43002FBD77 /* SongsModel.swift in Sources */ = {isa = PBXBuildFile; fileRef = 1BFCE5F628497D43002FBD77 /* SongsModel.swift */; };
/* End PBXBuildFile section */

/* Begin PBXFileReference section */
		1B5AD4DC284768C300F53B2B /* AuthorisationViewModel.swift */ = {isa = PBXFileReference; lastKnownFileType = sourcecode.swift; path = AuthorisationViewModel.swift; sourceTree = "<group>"; };
		1B5AD4E728476F5D00F53B2B /* AlbumModel.swift */ = {isa = PBXFileReference; lastKnownFileType = sourcecode.swift; path = AlbumModel.swift; sourceTree = "<group>"; };
		1B8C135D2847CB2200939BE3 /* ViewControllerExtension.swift */ = {isa = PBXFileReference; lastKnownFileType = sourcecode.swift; path = ViewControllerExtension.swift; sourceTree = "<group>"; };
		1BB5B7D72848187600D0B5E9 /* StringExtension.swift */ = {isa = PBXFileReference; lastKnownFileType = sourcecode.swift; path = StringExtension.swift; sourceTree = "<group>"; };
		1BB5B7D92848B96700D0B5E9 /* RegistrationViewModel.swift */ = {isa = PBXFileReference; lastKnownFileType = sourcecode.swift; path = RegistrationViewModel.swift; sourceTree = "<group>"; };
		1BB5B7DB2848BDCC00D0B5E9 /* Messages.swift */ = {isa = PBXFileReference; lastKnownFileType = sourcecode.swift; path = Messages.swift; sourceTree = "<group>"; };
		1BB5B7DD2848F8F000D0B5E9 /* UserModel.swift */ = {isa = PBXFileReference; lastKnownFileType = sourcecode.swift; path = UserModel.swift; sourceTree = "<group>"; };
		1BB5B7DF2848F9DF00D0B5E9 /* UserInformationViewModel.swift */ = {isa = PBXFileReference; lastKnownFileType = sourcecode.swift; path = UserInformationViewModel.swift; sourceTree = "<group>"; };
		1BC0395D2844D1D6009F86F5 /* OmegaTest.app */ = {isa = PBXFileReference; explicitFileType = wrapper.application; includeInIndex = 0; path = OmegaTest.app; sourceTree = BUILT_PRODUCTS_DIR; };
		1BC039602844D1D6009F86F5 /* AppDelegate.swift */ = {isa = PBXFileReference; lastKnownFileType = sourcecode.swift; path = AppDelegate.swift; sourceTree = "<group>"; };
		1BC039622844D1D6009F86F5 /* SceneDelegate.swift */ = {isa = PBXFileReference; lastKnownFileType = sourcecode.swift; path = SceneDelegate.swift; sourceTree = "<group>"; };
		1BC039642844D1D6009F86F5 /* AuthorisationViewController.swift */ = {isa = PBXFileReference; lastKnownFileType = sourcecode.swift; path = AuthorisationViewController.swift; sourceTree = "<group>"; };
		1BC039672844D1D6009F86F5 /* Base */ = {isa = PBXFileReference; lastKnownFileType = file.storyboard; name = Base; path = Base.lproj/Main.storyboard; sourceTree = "<group>"; };
		1BC039692844D1D7009F86F5 /* Assets.xcassets */ = {isa = PBXFileReference; lastKnownFileType = folder.assetcatalog; path = Assets.xcassets; sourceTree = "<group>"; };
		1BC0396C2844D1D7009F86F5 /* Base */ = {isa = PBXFileReference; lastKnownFileType = file.storyboard; name = Base; path = Base.lproj/LaunchScreen.storyboard; sourceTree = "<group>"; };
		1BC0396E2844D1D7009F86F5 /* Info.plist */ = {isa = PBXFileReference; lastKnownFileType = text.plist.xml; path = Info.plist; sourceTree = "<group>"; };
		1BC039742844F3F4009F86F5 /* NetworkManager.swift */ = {isa = PBXFileReference; lastKnownFileType = sourcecode.swift; path = NetworkManager.swift; sourceTree = "<group>"; };
		1BC039762844F400009F86F5 /* StorageManger.swift */ = {isa = PBXFileReference; lastKnownFileType = sourcecode.swift; path = StorageManger.swift; sourceTree = "<group>"; };
		1BC039782845130F009F86F5 /* AlbumsTableViewController.swift */ = {isa = PBXFileReference; lastKnownFileType = sourcecode.swift; path = AlbumsTableViewController.swift; sourceTree = "<group>"; };
		1BC0397A28451430009F86F5 /* RegistrationViewController.swift */ = {isa = PBXFileReference; lastKnownFileType = sourcecode.swift; path = RegistrationViewController.swift; sourceTree = "<group>"; };
		1BC0397C28451447009F86F5 /* AlbumInformationViewController.swift */ = {isa = PBXFileReference; lastKnownFileType = sourcecode.swift; path = AlbumInformationViewController.swift; sourceTree = "<group>"; };
		1BC0398428464156009F86F5 /* UserInfoViewController.swift */ = {isa = PBXFileReference; lastKnownFileType = sourcecode.swift; path = UserInfoViewController.swift; sourceTree = "<group>"; };
		1BFCE5F228494739002FBD77 /* AlbumsTableViewModel.swift */ = {isa = PBXFileReference; lastKnownFileType = sourcecode.swift; path = AlbumsTableViewModel.swift; sourceTree = "<group>"; };
		1BFCE5F428494778002FBD77 /* AlbumInformationViewModel.swift */ = {isa = PBXFileReference; lastKnownFileType = sourcecode.swift; path = AlbumInformationViewModel.swift; sourceTree = "<group>"; };
		1BFCE5F628497D43002FBD77 /* SongsModel.swift */ = {isa = PBXFileReference; lastKnownFileType = sourcecode.swift; path = SongsModel.swift; sourceTree = "<group>"; };
/* End PBXFileReference section */

/* Begin PBXFrameworksBuildPhase section */
		1BC0395A2844D1D6009F86F5 /* Frameworks */ = {
			isa = PBXFrameworksBuildPhase;
			buildActionMask = 2147483647;
			files = (
			);
			runOnlyForDeploymentPostprocessing = 0;
		};
/* End PBXFrameworksBuildPhase section */

/* Begin PBXGroup section */
		1B5AD4DB284767E400F53B2B /* Storyboards */ = {
			isa = PBXGroup;
			children = (
				1BC039662844D1D6009F86F5 /* Main.storyboard */,
				1BC0396B2844D1D7009F86F5 /* LaunchScreen.storyboard */,
			);
			path = Storyboards;
			sourceTree = "<group>";
		};
		1B5AD4DE284769CB00F53B2B /* Models */ = {
			isa = PBXGroup;
			children = (
				1B5AD4E728476F5D00F53B2B /* AlbumModel.swift */,
				1BFCE5F628497D43002FBD77 /* SongsModel.swift */,
				1BB5B7DD2848F8F000D0B5E9 /* UserModel.swift */,
			);
			path = Models;
			sourceTree = "<group>";
		};
		1B5AD4DF28476A6C00F53B2B /* AuthorisationView */ = {
			isa = PBXGroup;
			children = (
				1BC039642844D1D6009F86F5 /* AuthorisationViewController.swift */,
				1B5AD4DC284768C300F53B2B /* AuthorisationViewModel.swift */,
			);
			path = AuthorisationView;
			sourceTree = "<group>";
		};
		1B5AD4E228476BC400F53B2B /* RegistrationView */ = {
			isa = PBXGroup;
			children = (
				1BC0397A28451430009F86F5 /* RegistrationViewController.swift */,
				1BB5B7D92848B96700D0B5E9 /* RegistrationViewModel.swift */,
			);
			path = RegistrationView;
			sourceTree = "<group>";
		};
		1B5AD4E328476C5D00F53B2B /*  AlbumsListView */ = {
			isa = PBXGroup;
			children = (
				1BC039782845130F009F86F5 /* AlbumsTableViewController.swift */,
				1BFCE5F228494739002FBD77 /* AlbumsTableViewModel.swift */,
			);
			path = " AlbumsListView";
			sourceTree = "<group>";
		};
		1B5AD4E428476CA500F53B2B /* AlbumInformationView */ = {
			isa = PBXGroup;
			children = (
				1BC0397C28451447009F86F5 /* AlbumInformationViewController.swift */,
				1BFCE5F428494778002FBD77 /* AlbumInformationViewModel.swift */,
			);
			path = AlbumInformationView;
			sourceTree = "<group>";
		};
		1B5AD4E528476CC000F53B2B /* UserInformationView */ = {
			isa = PBXGroup;
			children = (
				1BC0398428464156009F86F5 /* UserInfoViewController.swift */,
				1BB5B7DF2848F9DF00D0B5E9 /* UserInformationViewModel.swift */,
			);
			path = UserInformationView;
			sourceTree = "<group>";
		};
		1B5AD4E628476CD400F53B2B /* Helpers */ = {
			isa = PBXGroup;
			children = (
				1BB5B7DB2848BDCC00D0B5E9 /* Messages.swift */,
			);
			path = Helpers;
			sourceTree = "<group>";
		};
		1B8C135C2847CB0D00939BE3 /* Extension */ = {
			isa = PBXGroup;
			children = (
				1B8C135D2847CB2200939BE3 /* ViewControllerExtension.swift */,
				1BB5B7D72848187600D0B5E9 /* StringExtension.swift */,
			);
			path = Extension;
			sourceTree = "<group>";
		};
		1BC039542844D1D6009F86F5 = {
			isa = PBXGroup;
			children = (
				1BC0395F2844D1D6009F86F5 /* OmegaTest */,
				1BC0395E2844D1D6009F86F5 /* Products */,
			);
			sourceTree = "<group>";
		};
		1BC0395E2844D1D6009F86F5 /* Products */ = {
			isa = PBXGroup;
			children = (
				1BC0395D2844D1D6009F86F5 /* OmegaTest.app */,
			);
			name = Products;
			sourceTree = "<group>";
		};
		1BC0395F2844D1D6009F86F5 /* OmegaTest */ = {
			isa = PBXGroup;
			children = (
				1B5AD4DF28476A6C00F53B2B /* AuthorisationView */,
				1B5AD4E228476BC400F53B2B /* RegistrationView */,
				1B5AD4E328476C5D00F53B2B /*  AlbumsListView */,
				1B5AD4E428476CA500F53B2B /* AlbumInformationView */,
				1B5AD4E528476CC000F53B2B /* UserInformationView */,
				1BC039832846399C009F86F5 /* Services */,
				1B5AD4DE284769CB00F53B2B /* Models */,
				1B5AD4E628476CD400F53B2B /* Helpers */,
				1B8C135C2847CB0D00939BE3 /* Extension */,
				1BC0397E2846370F009F86F5 /* App */,
				1BC0397F28463721009F86F5 /* Resources */,
				1B5AD4DB284767E400F53B2B /* Storyboards */,
			);
			path = OmegaTest;
			sourceTree = "<group>";
		};
		1BC0397E2846370F009F86F5 /* App */ = {
			isa = PBXGroup;
			children = (
				1BC039622844D1D6009F86F5 /* SceneDelegate.swift */,
				1BC039602844D1D6009F86F5 /* AppDelegate.swift */,
				1BC0396E2844D1D7009F86F5 /* Info.plist */,
			);
			path = App;
			sourceTree = "<group>";
		};
		1BC0397F28463721009F86F5 /* Resources */ = {
			isa = PBXGroup;
			children = (
				1BC039692844D1D7009F86F5 /* Assets.xcassets */,
			);
			path = Resources;
			sourceTree = "<group>";
		};
		1BC039832846399C009F86F5 /* Services */ = {
			isa = PBXGroup;
			children = (
				1BC039742844F3F4009F86F5 /* NetworkManager.swift */,
				1BC039762844F400009F86F5 /* StorageManger.swift */,
			);
			path = Services;
			sourceTree = "<group>";
		};
/* End PBXGroup section */

/* Begin PBXNativeTarget section */
		1BC0395C2844D1D6009F86F5 /* OmegaTest */ = {
			isa = PBXNativeTarget;
			buildConfigurationList = 1BC039712844D1D7009F86F5 /* Build configuration list for PBXNativeTarget "OmegaTest" */;
			buildPhases = (
				1BC039592844D1D6009F86F5 /* Sources */,
				1BC0395A2844D1D6009F86F5 /* Frameworks */,
				1BC0395B2844D1D6009F86F5 /* Resources */,
			);
			buildRules = (
			);
			dependencies = (
			);
			name = OmegaTest;
			productName = OmegaTest;
			productReference = 1BC0395D2844D1D6009F86F5 /* OmegaTest.app */;
			productType = "com.apple.product-type.application";
		};
/* End PBXNativeTarget section */

/* Begin PBXProject section */
		1BC039552844D1D6009F86F5 /* Project object */ = {
			isa = PBXProject;
			attributes = {
				BuildIndependentTargetsInParallel = 1;
				LastSwiftUpdateCheck = 1340;
				LastUpgradeCheck = 1340;
				TargetAttributes = {
					1BC0395C2844D1D6009F86F5 = {
						CreatedOnToolsVersion = 13.4;
					};
				};
			};
			buildConfigurationList = 1BC039582844D1D6009F86F5 /* Build configuration list for PBXProject "OmegaTest" */;
			compatibilityVersion = "Xcode 13.0";
			developmentRegion = en;
			hasScannedForEncodings = 0;
			knownRegions = (
				en,
				Base,
			);
			mainGroup = 1BC039542844D1D6009F86F5;
			productRefGroup = 1BC0395E2844D1D6009F86F5 /* Products */;
			projectDirPath = "";
			projectRoot = "";
			targets = (
				1BC0395C2844D1D6009F86F5 /* OmegaTest */,
			);
		};
/* End PBXProject section */

/* Begin PBXResourcesBuildPhase section */
		1BC0395B2844D1D6009F86F5 /* Resources */ = {
			isa = PBXResourcesBuildPhase;
			buildActionMask = 2147483647;
			files = (
				1BC0396D2844D1D7009F86F5 /* LaunchScreen.storyboard in Resources */,
				1BC0396A2844D1D7009F86F5 /* Assets.xcassets in Resources */,
				1BC039682844D1D6009F86F5 /* Main.storyboard in Resources */,
			);
			runOnlyForDeploymentPostprocessing = 0;
		};
/* End PBXResourcesBuildPhase section */

/* Begin PBXSourcesBuildPhase section */
		1BC039592844D1D6009F86F5 /* Sources */ = {
			isa = PBXSourcesBuildPhase;
			buildActionMask = 2147483647;
			files = (
				1BB5B7E02848F9DF00D0B5E9 /* UserInformationViewModel.swift in Sources */,
				1BC039752844F3F4009F86F5 /* NetworkManager.swift in Sources */,
				1BC039792845130F009F86F5 /* AlbumsTableViewController.swift in Sources */,
				1BB5B7D82848187600D0B5E9 /* StringExtension.swift in Sources */,
				1B8C135E2847CB2200939BE3 /* ViewControllerExtension.swift in Sources */,
				1BC039652844D1D6009F86F5 /* AuthorisationViewController.swift in Sources */,
				1BB5B7DC2848BDCC00D0B5E9 /* Messages.swift in Sources */,
				1BC039612844D1D6009F86F5 /* AppDelegate.swift in Sources */,
				1BC0398528464156009F86F5 /* UserInfoViewController.swift in Sources */,
				1BB5B7DE2848F8F000D0B5E9 /* UserModel.swift in Sources */,
				1BFCE5F728497D43002FBD77 /* SongsModel.swift in Sources */,
				1B5AD4E828476F5D00F53B2B /* AlbumModel.swift in Sources */,
				1BFCE5F328494739002FBD77 /* AlbumsTableViewModel.swift in Sources */,
				1BFCE5F528494778002FBD77 /* AlbumInformationViewModel.swift in Sources */,
				1BC0397B28451430009F86F5 /* RegistrationViewController.swift in Sources */,
				1BC0397D28451447009F86F5 /* AlbumInformationViewController.swift in Sources */,
				1BC039772844F400009F86F5 /* StorageManger.swift in Sources */,
				1BB5B7DA2848B96700D0B5E9 /* RegistrationViewModel.swift in Sources */,
				1BC039632844D1D6009F86F5 /* SceneDelegate.swift in Sources */,
				1B5AD4DD284768C300F53B2B /* AuthorisationViewModel.swift in Sources */,
			);
			runOnlyForDeploymentPostprocessing = 0;
		};
/* End PBXSourcesBuildPhase section */

/* Begin PBXVariantGroup section */
		1BC039662844D1D6009F86F5 /* Main.storyboard */ = {
			isa = PBXVariantGroup;
			children = (
				1BC039672844D1D6009F86F5 /* Base */,
			);
			name = Main.storyboard;
			sourceTree = "<group>";
		};
		1BC0396B2844D1D7009F86F5 /* LaunchScreen.storyboard */ = {
			isa = PBXVariantGroup;
			children = (
				1BC0396C2844D1D7009F86F5 /* Base */,
			);
			name = LaunchScreen.storyboard;
			sourceTree = "<group>";
		};
/* End PBXVariantGroup section */

/* Begin XCBuildConfiguration section */
		1BC0396F2844D1D7009F86F5 /* Debug */ = {
			isa = XCBuildConfiguration;
			buildSettings = {
				ALWAYS_SEARCH_USER_PATHS = NO;
				CLANG_ANALYZER_NONNULL = YES;
				CLANG_ANALYZER_NUMBER_OBJECT_CONVERSION = YES_AGGRESSIVE;
				CLANG_CXX_LANGUAGE_STANDARD = "gnu++17";
				CLANG_ENABLE_MODULES = YES;
				CLANG_ENABLE_OBJC_ARC = YES;
				CLANG_ENABLE_OBJC_WEAK = YES;
				CLANG_WARN_BLOCK_CAPTURE_AUTORELEASING = YES;
				CLANG_WARN_BOOL_CONVERSION = YES;
				CLANG_WARN_COMMA = YES;
				CLANG_WARN_CONSTANT_CONVERSION = YES;
				CLANG_WARN_DEPRECATED_OBJC_IMPLEMENTATIONS = YES;
				CLANG_WARN_DIRECT_OBJC_ISA_USAGE = YES_ERROR;
				CLANG_WARN_DOCUMENTATION_COMMENTS = YES;
				CLANG_WARN_EMPTY_BODY = YES;
				CLANG_WARN_ENUM_CONVERSION = YES;
				CLANG_WARN_INFINITE_RECURSION = YES;
				CLANG_WARN_INT_CONVERSION = YES;
				CLANG_WARN_NON_LITERAL_NULL_CONVERSION = YES;
				CLANG_WARN_OBJC_IMPLICIT_RETAIN_SELF = YES;
				CLANG_WARN_OBJC_LITERAL_CONVERSION = YES;
				CLANG_WARN_OBJC_ROOT_CLASS = YES_ERROR;
				CLANG_WARN_QUOTED_INCLUDE_IN_FRAMEWORK_HEADER = YES;
				CLANG_WARN_RANGE_LOOP_ANALYSIS = YES;
				CLANG_WARN_STRICT_PROTOTYPES = YES;
				CLANG_WARN_SUSPICIOUS_MOVE = YES;
				CLANG_WARN_UNGUARDED_AVAILABILITY = YES_AGGRESSIVE;
				CLANG_WARN_UNREACHABLE_CODE = YES;
				CLANG_WARN__DUPLICATE_METHOD_MATCH = YES;
				COPY_PHASE_STRIP = NO;
				DEBUG_INFORMATION_FORMAT = dwarf;
				ENABLE_STRICT_OBJC_MSGSEND = YES;
				ENABLE_TESTABILITY = YES;
				GCC_C_LANGUAGE_STANDARD = gnu11;
				GCC_DYNAMIC_NO_PIC = NO;
				GCC_NO_COMMON_BLOCKS = YES;
				GCC_OPTIMIZATION_LEVEL = 0;
				GCC_PREPROCESSOR_DEFINITIONS = (
					"DEBUG=1",
					"$(inherited)",
				);
				GCC_WARN_64_TO_32_BIT_CONVERSION = YES;
				GCC_WARN_ABOUT_RETURN_TYPE = YES_ERROR;
				GCC_WARN_UNDECLARED_SELECTOR = YES;
				GCC_WARN_UNINITIALIZED_AUTOS = YES_AGGRESSIVE;
				GCC_WARN_UNUSED_FUNCTION = YES;
				GCC_WARN_UNUSED_VARIABLE = YES;
				IPHONEOS_DEPLOYMENT_TARGET = 15.5;
				MTL_ENABLE_DEBUG_INFO = INCLUDE_SOURCE;
				MTL_FAST_MATH = YES;
				ONLY_ACTIVE_ARCH = YES;
				SDKROOT = iphoneos;
				SWIFT_ACTIVE_COMPILATION_CONDITIONS = DEBUG;
				SWIFT_OPTIMIZATION_LEVEL = "-Onone";
			};
			name = Debug;
		};
		1BC039702844D1D7009F86F5 /* Release */ = {
			isa = XCBuildConfiguration;
			buildSettings = {
				ALWAYS_SEARCH_USER_PATHS = NO;
				CLANG_ANALYZER_NONNULL = YES;
				CLANG_ANALYZER_NUMBER_OBJECT_CONVERSION = YES_AGGRESSIVE;
				CLANG_CXX_LANGUAGE_STANDARD = "gnu++17";
				CLANG_ENABLE_MODULES = YES;
				CLANG_ENABLE_OBJC_ARC = YES;
				CLANG_ENABLE_OBJC_WEAK = YES;
				CLANG_WARN_BLOCK_CAPTURE_AUTORELEASING = YES;
				CLANG_WARN_BOOL_CONVERSION = YES;
				CLANG_WARN_COMMA = YES;
				CLANG_WARN_CONSTANT_CONVERSION = YES;
				CLANG_WARN_DEPRECATED_OBJC_IMPLEMENTATIONS = YES;
				CLANG_WARN_DIRECT_OBJC_ISA_USAGE = YES_ERROR;
				CLANG_WARN_DOCUMENTATION_COMMENTS = YES;
				CLANG_WARN_EMPTY_BODY = YES;
				CLANG_WARN_ENUM_CONVERSION = YES;
				CLANG_WARN_INFINITE_RECURSION = YES;
				CLANG_WARN_INT_CONVERSION = YES;
				CLANG_WARN_NON_LITERAL_NULL_CONVERSION = YES;
				CLANG_WARN_OBJC_IMPLICIT_RETAIN_SELF = YES;
				CLANG_WARN_OBJC_LITERAL_CONVERSION = YES;
				CLANG_WARN_OBJC_ROOT_CLASS = YES_ERROR;
				CLANG_WARN_QUOTED_INCLUDE_IN_FRAMEWORK_HEADER = YES;
				CLANG_WARN_RANGE_LOOP_ANALYSIS = YES;
				CLANG_WARN_STRICT_PROTOTYPES = YES;
				CLANG_WARN_SUSPICIOUS_MOVE = YES;
				CLANG_WARN_UNGUARDED_AVAILABILITY = YES_AGGRESSIVE;
				CLANG_WARN_UNREACHABLE_CODE = YES;
				CLANG_WARN__DUPLICATE_METHOD_MATCH = YES;
				COPY_PHASE_STRIP = NO;
				DEBUG_INFORMATION_FORMAT = "dwarf-with-dsym";
				ENABLE_NS_ASSERTIONS = NO;
				ENABLE_STRICT_OBJC_MSGSEND = YES;
				GCC_C_LANGUAGE_STANDARD = gnu11;
				GCC_NO_COMMON_BLOCKS = YES;
				GCC_WARN_64_TO_32_BIT_CONVERSION = YES;
				GCC_WARN_ABOUT_RETURN_TYPE = YES_ERROR;
				GCC_WARN_UNDECLARED_SELECTOR = YES;
				GCC_WARN_UNINITIALIZED_AUTOS = YES_AGGRESSIVE;
				GCC_WARN_UNUSED_FUNCTION = YES;
				GCC_WARN_UNUSED_VARIABLE = YES;
				IPHONEOS_DEPLOYMENT_TARGET = 15.5;
				MTL_ENABLE_DEBUG_INFO = NO;
				MTL_FAST_MATH = YES;
				SDKROOT = iphoneos;
				SWIFT_COMPILATION_MODE = wholemodule;
				SWIFT_OPTIMIZATION_LEVEL = "-O";
				VALIDATE_PRODUCT = YES;
			};
			name = Release;
		};
		1BC039722844D1D7009F86F5 /* Debug */ = {
			isa = XCBuildConfiguration;
			buildSettings = {
				ASSETCATALOG_COMPILER_APPICON_NAME = AppIcon;
				ASSETCATALOG_COMPILER_GLOBAL_ACCENT_COLOR_NAME = AccentColor;
				CODE_SIGN_STYLE = Automatic;
				CURRENT_PROJECT_VERSION = 1;
				DEVELOPMENT_TEAM = YU7DP9Q269;
				GENERATE_INFOPLIST_FILE = YES;
				INFOPLIST_FILE = OmegaTest/App/Info.plist;
				INFOPLIST_KEY_UIApplicationSupportsIndirectInputEvents = YES;
				INFOPLIST_KEY_UILaunchStoryboardName = LaunchScreen;
				INFOPLIST_KEY_UIMainStoryboardFile = Main;
				INFOPLIST_KEY_UISupportedInterfaceOrientations_iPad = "UIInterfaceOrientationPortrait UIInterfaceOrientationPortraitUpsideDown UIInterfaceOrientationLandscapeLeft UIInterfaceOrientationLandscapeRight";
				INFOPLIST_KEY_UISupportedInterfaceOrientations_iPhone = UIInterfaceOrientationPortrait;
				LD_RUNPATH_SEARCH_PATHS = (
					"$(inherited)",
					"@executable_path/Frameworks",
				);
				MARKETING_VERSION = 1.0;
				PRODUCT_BUNDLE_IDENTIFIER = com.private.OmegaTest;
				PRODUCT_NAME = "$(TARGET_NAME)";
				SWIFT_EMIT_LOC_STRINGS = YES;
				SWIFT_VERSION = 5.0;
				TARGETED_DEVICE_FAMILY = 1;
			};
			name = Debug;
		};
		1BC039732844D1D7009F86F5 /* Release */ = {
			isa = XCBuildConfiguration;
			buildSettings = {
				ASSETCATALOG_COMPILER_APPICON_NAME = AppIcon;
				ASSETCATALOG_COMPILER_GLOBAL_ACCENT_COLOR_NAME = AccentColor;
				CODE_SIGN_STYLE = Automatic;
				CURRENT_PROJECT_VERSION = 1;
				DEVELOPMENT_TEAM = YU7DP9Q269;
				GENERATE_INFOPLIST_FILE = YES;
				INFOPLIST_FILE = OmegaTest/App/Info.plist;
				INFOPLIST_KEY_UIApplicationSupportsIndirectInputEvents = YES;
				INFOPLIST_KEY_UILaunchStoryboardName = LaunchScreen;
				INFOPLIST_KEY_UIMainStoryboardFile = Main;
				INFOPLIST_KEY_UISupportedInterfaceOrientations_iPad = "UIInterfaceOrientationPortrait UIInterfaceOrientationPortraitUpsideDown UIInterfaceOrientationLandscapeLeft UIInterfaceOrientationLandscapeRight";
				INFOPLIST_KEY_UISupportedInterfaceOrientations_iPhone = UIInterfaceOrientationPortrait;
				LD_RUNPATH_SEARCH_PATHS = (
					"$(inherited)",
					"@executable_path/Frameworks",
				);
				MARKETING_VERSION = 1.0;
				PRODUCT_BUNDLE_IDENTIFIER = com.private.OmegaTest;
				PRODUCT_NAME = "$(TARGET_NAME)";
				SWIFT_EMIT_LOC_STRINGS = YES;
				SWIFT_VERSION = 5.0;
				TARGETED_DEVICE_FAMILY = 1;
			};
			name = Release;
		};
/* End XCBuildConfiguration section */

/* Begin XCConfigurationList section */
		1BC039582844D1D6009F86F5 /* Build configuration list for PBXProject "OmegaTest" */ = {
			isa = XCConfigurationList;
			buildConfigurations = (
				1BC0396F2844D1D7009F86F5 /* Debug */,
				1BC039702844D1D7009F86F5 /* Release */,
			);
			defaultConfigurationIsVisible = 0;
			defaultConfigurationName = Release;
		};
		1BC039712844D1D7009F86F5 /* Build configuration list for PBXNativeTarget "OmegaTest" */ = {
			isa = XCConfigurationList;
			buildConfigurations = (
				1BC039722844D1D7009F86F5 /* Debug */,
				1BC039732844D1D7009F86F5 /* Release */,
			);
			defaultConfigurationIsVisible = 0;
			defaultConfigurationName = Release;
		};
/* End XCConfigurationList section */
	};
	rootObject = 1BC039552844D1D6009F86F5 /* Project object */;
}
